
Microsoft Visual Studio Solution File, Format Version 12.00
# Visual Studio Version 17
VisualStudioVersion = 17.0.31903.59
MinimumVisualStudioVersion = 10.0.40219.1
Project("{2150E333-8FDC-42A3-9474-1A3956D46DE8}") = "src", "src", "{827E0CD3-B72D-47B6-A68D-7590B98EB39B}"
EndProject
Project("{FAE04EC0-301F-11D3-BF4B-00C04F79EFBC}") = "Ouroboros.Core", "src\Ouroboros.Core\Ouroboros.Core.csproj", "{C75F9019-276B-4306-9D77-CDA31D164096}"
EndProject
Project("{FAE04EC0-301F-11D3-BF4B-00C04F79EFBC}") = "Ouroboros.Domain", "src\Ouroboros.Domain\Ouroboros.Domain.csproj", "{1A287D00-A229-4F0F-B42B-842E08824ED8}"
EndProject
Project("{FAE04EC0-301F-11D3-BF4B-00C04F79EFBC}") = "Ouroboros.Pipeline", "src\Ouroboros.Pipeline\Ouroboros.Pipeline.csproj", "{98F1193E-6FE2-4C8A-AB0F-56FD54A2D385}"
EndProject
Project("{FAE04EC0-301F-11D3-BF4B-00C04F79EFBC}") = "Ouroboros.Tools", "src\Ouroboros.Tools\Ouroboros.Tools.csproj", "{A0A2802D-724A-4498-B984-43D6EA08759C}"
EndProject
Project("{FAE04EC0-301F-11D3-BF4B-00C04F79EFBC}") = "Ouroboros.Providers", "src\Ouroboros.Providers\Ouroboros.Providers.csproj", "{9CD0F4E9-4328-4B89-BCF9-F72D541A0242}"
EndProject
Project("{FAE04EC0-301F-11D3-BF4B-00C04F79EFBC}") = "Ouroboros.Agent", "src\Ouroboros.Agent\Ouroboros.Agent.csproj", "{A2075ADE-ECA4-486F-82E2-B56DD11648AF}"
EndProject
Project("{FAE04EC0-301F-11D3-BF4B-00C04F79EFBC}") = "Ouroboros.CLI", "src\Ouroboros.CLI\Ouroboros.CLI.csproj", "{5243D8DD-A1EB-4E2F-845B-439179E15BA4}"
EndProject
Project("{FAE04EC0-301F-11D3-BF4B-00C04F79EFBC}") = "Ouroboros.Examples", "src\Ouroboros.Examples\Ouroboros.Examples.csproj", "{342F0B6C-6236-4D1B-AD4E-79DB83DEEE05}"
EndProject
Project("{FAE04EC0-301F-11D3-BF4B-00C04F79EFBC}") = "Ouroboros.WebApi", "src\Ouroboros.WebApi\Ouroboros.WebApi.csproj", "{0AD8B982-456F-4ED7-89A1-AA6F31D52E96}"
EndProject
Project("{FAE04EC0-301F-11D3-BF4B-00C04F79EFBC}") = "Ouroboros.Roslynator", "src\Ouroboros.Roslynator\Ouroboros.Roslynator.csproj", "{12BB13DB-3FCD-4C43-AAA0-5A2765EE600B}"
EndProject
Project("{FAE04EC0-301F-11D3-BF4B-00C04F79EFBC}") = "Ouroboros.Application", "src\Ouroboros.Application\Ouroboros.Application.csproj", "{B9DBF6D7-6B2F-4F72-A4D8-2FC0F2B01C50}"
EndProject
Project("{FAE04EC0-301F-11D3-BF4B-00C04F79EFBC}") = "Ouroboros.Genetic", "src\Ouroboros.Genetic\Ouroboros.Genetic.csproj", "{6866A8BC-4D5A-480E-9E3F-939F7F5A57F5}"
EndProject
Project("{FAE04EC0-301F-11D3-BF4B-00C04F79EFBC}") = "Ouroboros.Network", "src\Ouroboros.Network\Ouroboros.Network.csproj", "{D1469ADB-337F-44A0-9FFA-8FD126D67976}"
EndProject
Project("{2150E333-8FDC-42A3-9474-1A3956D46DE8}") = "samples", "samples", "{5D20AA90-6969-D8BD-9DCD-8634F4692FDA}"
EndProject
Project("{FAE04EC0-301F-11D3-BF4B-00C04F79EFBC}") = "HyperonPlayground", "samples\HyperonPlayground\HyperonPlayground.csproj", "{6E3758E0-00D7-4DA2-9205-EB6D94A43A3E}"
EndProject
Project("{FAE04EC0-301F-11D3-BF4B-00C04F79EFBC}") = "Ouroboros.Easy", "src\Ouroboros.Easy\Ouroboros.Easy.csproj", "{10E1403D-D66A-4BF8-9D82-8451A06360FA}"
EndProject
Project("{FAE04EC0-301F-11D3-BF4B-00C04F79EFBC}") = "Ouroboros.Tests.Shared", "src\Ouroboros.Tests.Shared\Ouroboros.Tests.Shared.csproj", "{A82B12C2-ECD8-460B-993F-AD894C9A43FF}"
EndProject
Project("{FAE04EC0-301F-11D3-BF4B-00C04F79EFBC}") = "Ouroboros.Tests.Integration", "src\Ouroboros.Tests.Integration\Ouroboros.Tests.Integration.csproj", "{EE31E344-17CE-4716-8304-9D2A8EF42FC2}"
EndProject
Project("{FAE04EC0-301F-11D3-BF4B-00C04F79EFBC}") = "Ouroboros.Tests.Bdd", "src\Ouroboros.Tests.Bdd\Ouroboros.Tests.Bdd.csproj", "{1BCC82FA-CFCD-4242-A497-3185EB70A06C}"
EndProject
Project("{FAE04EC0-301F-11D3-BF4B-00C04F79EFBC}") = "Ouroboros.Tests.UnitTests", "src\Ouroboros.Tests.UnitTests\Ouroboros.Tests.UnitTests.csproj", "{8EA345FE-4B9F-42CF-82AD-9547CFA58FCD}"
EndProject
Project("{FAE04EC0-301F-11D3-BF4B-00C04F79EFBC}") = "Ouroboros.Benchmarks", "src\Ouroboros.Benchmarks\Ouroboros.Benchmarks.csproj", "{98E918E1-BB8F-4EEC-B94E-70627E64CA85}"
EndProject
Global
	GlobalSection(SolutionConfigurationPlatforms) = preSolution
		Debug|Any CPU = Debug|Any CPU
		Debug|x64 = Debug|x64
		Debug|x86 = Debug|x86
		Release|Any CPU = Release|Any CPU
		Release|x64 = Release|x64
		Release|x86 = Release|x86
	EndGlobalSection
	GlobalSection(ProjectConfigurationPlatforms) = postSolution
		{C75F9019-276B-4306-9D77-CDA31D164096}.Debug|Any CPU.ActiveCfg = Debug|Any CPU
		{C75F9019-276B-4306-9D77-CDA31D164096}.Debug|Any CPU.Build.0 = Debug|Any CPU
		{C75F9019-276B-4306-9D77-CDA31D164096}.Debug|x64.ActiveCfg = Debug|Any CPU
		{C75F9019-276B-4306-9D77-CDA31D164096}.Debug|x64.Build.0 = Debug|Any CPU
		{C75F9019-276B-4306-9D77-CDA31D164096}.Debug|x86.ActiveCfg = Debug|Any CPU
		{C75F9019-276B-4306-9D77-CDA31D164096}.Debug|x86.Build.0 = Debug|Any CPU
		{C75F9019-276B-4306-9D77-CDA31D164096}.Release|Any CPU.ActiveCfg = Release|Any CPU
		{C75F9019-276B-4306-9D77-CDA31D164096}.Release|Any CPU.Build.0 = Release|Any CPU
		{C75F9019-276B-4306-9D77-CDA31D164096}.Release|x64.ActiveCfg = Release|Any CPU
		{C75F9019-276B-4306-9D77-CDA31D164096}.Release|x64.Build.0 = Release|Any CPU
		{C75F9019-276B-4306-9D77-CDA31D164096}.Release|x86.ActiveCfg = Release|Any CPU
		{C75F9019-276B-4306-9D77-CDA31D164096}.Release|x86.Build.0 = Release|Any CPU
		{1A287D00-A229-4F0F-B42B-842E08824ED8}.Debug|Any CPU.ActiveCfg = Debug|Any CPU
		{1A287D00-A229-4F0F-B42B-842E08824ED8}.Debug|Any CPU.Build.0 = Debug|Any CPU
		{1A287D00-A229-4F0F-B42B-842E08824ED8}.Debug|x64.ActiveCfg = Debug|Any CPU
		{1A287D00-A229-4F0F-B42B-842E08824ED8}.Debug|x64.Build.0 = Debug|Any CPU
		{1A287D00-A229-4F0F-B42B-842E08824ED8}.Debug|x86.ActiveCfg = Debug|Any CPU
		{1A287D00-A229-4F0F-B42B-842E08824ED8}.Debug|x86.Build.0 = Debug|Any CPU
		{1A287D00-A229-4F0F-B42B-842E08824ED8}.Release|Any CPU.ActiveCfg = Release|Any CPU
		{1A287D00-A229-4F0F-B42B-842E08824ED8}.Release|Any CPU.Build.0 = Release|Any CPU
		{1A287D00-A229-4F0F-B42B-842E08824ED8}.Release|x64.ActiveCfg = Release|Any CPU
		{1A287D00-A229-4F0F-B42B-842E08824ED8}.Release|x64.Build.0 = Release|Any CPU
		{1A287D00-A229-4F0F-B42B-842E08824ED8}.Release|x86.ActiveCfg = Release|Any CPU
		{1A287D00-A229-4F0F-B42B-842E08824ED8}.Release|x86.Build.0 = Release|Any CPU
		{98F1193E-6FE2-4C8A-AB0F-56FD54A2D385}.Debug|Any CPU.ActiveCfg = Debug|Any CPU
		{98F1193E-6FE2-4C8A-AB0F-56FD54A2D385}.Debug|Any CPU.Build.0 = Debug|Any CPU
		{98F1193E-6FE2-4C8A-AB0F-56FD54A2D385}.Debug|x64.ActiveCfg = Debug|Any CPU
		{98F1193E-6FE2-4C8A-AB0F-56FD54A2D385}.Debug|x64.Build.0 = Debug|Any CPU
		{98F1193E-6FE2-4C8A-AB0F-56FD54A2D385}.Debug|x86.ActiveCfg = Debug|Any CPU
		{98F1193E-6FE2-4C8A-AB0F-56FD54A2D385}.Debug|x86.Build.0 = Debug|Any CPU
		{98F1193E-6FE2-4C8A-AB0F-56FD54A2D385}.Release|Any CPU.ActiveCfg = Release|Any CPU
		{98F1193E-6FE2-4C8A-AB0F-56FD54A2D385}.Release|Any CPU.Build.0 = Release|Any CPU
		{98F1193E-6FE2-4C8A-AB0F-56FD54A2D385}.Release|x64.ActiveCfg = Release|Any CPU
		{98F1193E-6FE2-4C8A-AB0F-56FD54A2D385}.Release|x64.Build.0 = Release|Any CPU
		{98F1193E-6FE2-4C8A-AB0F-56FD54A2D385}.Release|x86.ActiveCfg = Release|Any CPU
		{98F1193E-6FE2-4C8A-AB0F-56FD54A2D385}.Release|x86.Build.0 = Release|Any CPU
		{A0A2802D-724A-4498-B984-43D6EA08759C}.Debug|Any CPU.ActiveCfg = Debug|Any CPU
		{A0A2802D-724A-4498-B984-43D6EA08759C}.Debug|Any CPU.Build.0 = Debug|Any CPU
		{A0A2802D-724A-4498-B984-43D6EA08759C}.Debug|x64.ActiveCfg = Debug|Any CPU
		{A0A2802D-724A-4498-B984-43D6EA08759C}.Debug|x64.Build.0 = Debug|Any CPU
		{A0A2802D-724A-4498-B984-43D6EA08759C}.Debug|x86.ActiveCfg = Debug|Any CPU
		{A0A2802D-724A-4498-B984-43D6EA08759C}.Debug|x86.Build.0 = Debug|Any CPU
		{A0A2802D-724A-4498-B984-43D6EA08759C}.Release|Any CPU.ActiveCfg = Release|Any CPU
		{A0A2802D-724A-4498-B984-43D6EA08759C}.Release|Any CPU.Build.0 = Release|Any CPU
		{A0A2802D-724A-4498-B984-43D6EA08759C}.Release|x64.ActiveCfg = Release|Any CPU
		{A0A2802D-724A-4498-B984-43D6EA08759C}.Release|x64.Build.0 = Release|Any CPU
		{A0A2802D-724A-4498-B984-43D6EA08759C}.Release|x86.ActiveCfg = Release|Any CPU
		{A0A2802D-724A-4498-B984-43D6EA08759C}.Release|x86.Build.0 = Release|Any CPU
		{9CD0F4E9-4328-4B89-BCF9-F72D541A0242}.Debug|Any CPU.ActiveCfg = Debug|Any CPU
		{9CD0F4E9-4328-4B89-BCF9-F72D541A0242}.Debug|Any CPU.Build.0 = Debug|Any CPU
		{9CD0F4E9-4328-4B89-BCF9-F72D541A0242}.Debug|x64.ActiveCfg = Debug|Any CPU
		{9CD0F4E9-4328-4B89-BCF9-F72D541A0242}.Debug|x64.Build.0 = Debug|Any CPU
		{9CD0F4E9-4328-4B89-BCF9-F72D541A0242}.Debug|x86.ActiveCfg = Debug|Any CPU
		{9CD0F4E9-4328-4B89-BCF9-F72D541A0242}.Debug|x86.Build.0 = Debug|Any CPU
		{9CD0F4E9-4328-4B89-BCF9-F72D541A0242}.Release|Any CPU.ActiveCfg = Release|Any CPU
		{9CD0F4E9-4328-4B89-BCF9-F72D541A0242}.Release|Any CPU.Build.0 = Release|Any CPU
		{9CD0F4E9-4328-4B89-BCF9-F72D541A0242}.Release|x64.ActiveCfg = Release|Any CPU
		{9CD0F4E9-4328-4B89-BCF9-F72D541A0242}.Release|x64.Build.0 = Release|Any CPU
		{9CD0F4E9-4328-4B89-BCF9-F72D541A0242}.Release|x86.ActiveCfg = Release|Any CPU
		{9CD0F4E9-4328-4B89-BCF9-F72D541A0242}.Release|x86.Build.0 = Release|Any CPU
		{A2075ADE-ECA4-486F-82E2-B56DD11648AF}.Debug|Any CPU.ActiveCfg = Debug|Any CPU
		{A2075ADE-ECA4-486F-82E2-B56DD11648AF}.Debug|Any CPU.Build.0 = Debug|Any CPU
		{A2075ADE-ECA4-486F-82E2-B56DD11648AF}.Debug|x64.ActiveCfg = Debug|Any CPU
		{A2075ADE-ECA4-486F-82E2-B56DD11648AF}.Debug|x64.Build.0 = Debug|Any CPU
		{A2075ADE-ECA4-486F-82E2-B56DD11648AF}.Debug|x86.ActiveCfg = Debug|Any CPU
		{A2075ADE-ECA4-486F-82E2-B56DD11648AF}.Debug|x86.Build.0 = Debug|Any CPU
		{A2075ADE-ECA4-486F-82E2-B56DD11648AF}.Release|Any CPU.ActiveCfg = Release|Any CPU
		{A2075ADE-ECA4-486F-82E2-B56DD11648AF}.Release|Any CPU.Build.0 = Release|Any CPU
		{A2075ADE-ECA4-486F-82E2-B56DD11648AF}.Release|x64.ActiveCfg = Release|Any CPU
		{A2075ADE-ECA4-486F-82E2-B56DD11648AF}.Release|x64.Build.0 = Release|Any CPU
		{A2075ADE-ECA4-486F-82E2-B56DD11648AF}.Release|x86.ActiveCfg = Release|Any CPU
		{A2075ADE-ECA4-486F-82E2-B56DD11648AF}.Release|x86.Build.0 = Release|Any CPU
		{5243D8DD-A1EB-4E2F-845B-439179E15BA4}.Debug|Any CPU.ActiveCfg = Debug|Any CPU
		{5243D8DD-A1EB-4E2F-845B-439179E15BA4}.Debug|Any CPU.Build.0 = Debug|Any CPU
		{5243D8DD-A1EB-4E2F-845B-439179E15BA4}.Debug|x64.ActiveCfg = Debug|Any CPU
		{5243D8DD-A1EB-4E2F-845B-439179E15BA4}.Debug|x64.Build.0 = Debug|Any CPU
		{5243D8DD-A1EB-4E2F-845B-439179E15BA4}.Debug|x86.ActiveCfg = Debug|Any CPU
		{5243D8DD-A1EB-4E2F-845B-439179E15BA4}.Debug|x86.Build.0 = Debug|Any CPU
		{5243D8DD-A1EB-4E2F-845B-439179E15BA4}.Release|Any CPU.ActiveCfg = Release|Any CPU
		{5243D8DD-A1EB-4E2F-845B-439179E15BA4}.Release|Any CPU.Build.0 = Release|Any CPU
		{5243D8DD-A1EB-4E2F-845B-439179E15BA4}.Release|x64.ActiveCfg = Release|Any CPU
		{5243D8DD-A1EB-4E2F-845B-439179E15BA4}.Release|x64.Build.0 = Release|Any CPU
		{5243D8DD-A1EB-4E2F-845B-439179E15BA4}.Release|x86.ActiveCfg = Release|Any CPU
		{5243D8DD-A1EB-4E2F-845B-439179E15BA4}.Release|x86.Build.0 = Release|Any CPU
		{342F0B6C-6236-4D1B-AD4E-79DB83DEEE05}.Debug|Any CPU.ActiveCfg = Debug|Any CPU
		{342F0B6C-6236-4D1B-AD4E-79DB83DEEE05}.Debug|Any CPU.Build.0 = Debug|Any CPU
		{342F0B6C-6236-4D1B-AD4E-79DB83DEEE05}.Debug|x64.ActiveCfg = Debug|Any CPU
		{342F0B6C-6236-4D1B-AD4E-79DB83DEEE05}.Debug|x64.Build.0 = Debug|Any CPU
		{342F0B6C-6236-4D1B-AD4E-79DB83DEEE05}.Debug|x86.ActiveCfg = Debug|Any CPU
		{342F0B6C-6236-4D1B-AD4E-79DB83DEEE05}.Debug|x86.Build.0 = Debug|Any CPU
		{342F0B6C-6236-4D1B-AD4E-79DB83DEEE05}.Release|Any CPU.ActiveCfg = Release|Any CPU
		{342F0B6C-6236-4D1B-AD4E-79DB83DEEE05}.Release|Any CPU.Build.0 = Release|Any CPU
		{342F0B6C-6236-4D1B-AD4E-79DB83DEEE05}.Release|x64.ActiveCfg = Release|Any CPU
		{342F0B6C-6236-4D1B-AD4E-79DB83DEEE05}.Release|x64.Build.0 = Release|Any CPU
		{342F0B6C-6236-4D1B-AD4E-79DB83DEEE05}.Release|x86.ActiveCfg = Release|Any CPU
		{342F0B6C-6236-4D1B-AD4E-79DB83DEEE05}.Release|x86.Build.0 = Release|Any CPU
		{0AD8B982-456F-4ED7-89A1-AA6F31D52E96}.Debug|Any CPU.ActiveCfg = Debug|Any CPU
		{0AD8B982-456F-4ED7-89A1-AA6F31D52E96}.Debug|Any CPU.Build.0 = Debug|Any CPU
		{0AD8B982-456F-4ED7-89A1-AA6F31D52E96}.Debug|x64.ActiveCfg = Debug|Any CPU
		{0AD8B982-456F-4ED7-89A1-AA6F31D52E96}.Debug|x64.Build.0 = Debug|Any CPU
		{0AD8B982-456F-4ED7-89A1-AA6F31D52E96}.Debug|x86.ActiveCfg = Debug|Any CPU
		{0AD8B982-456F-4ED7-89A1-AA6F31D52E96}.Debug|x86.Build.0 = Debug|Any CPU
		{0AD8B982-456F-4ED7-89A1-AA6F31D52E96}.Release|Any CPU.ActiveCfg = Release|Any CPU
		{0AD8B982-456F-4ED7-89A1-AA6F31D52E96}.Release|Any CPU.Build.0 = Release|Any CPU
		{0AD8B982-456F-4ED7-89A1-AA6F31D52E96}.Release|x64.ActiveCfg = Release|Any CPU
		{0AD8B982-456F-4ED7-89A1-AA6F31D52E96}.Release|x64.Build.0 = Release|Any CPU
		{0AD8B982-456F-4ED7-89A1-AA6F31D52E96}.Release|x86.ActiveCfg = Release|Any CPU
		{0AD8B982-456F-4ED7-89A1-AA6F31D52E96}.Release|x86.Build.0 = Release|Any CPU
		{12BB13DB-3FCD-4C43-AAA0-5A2765EE600B}.Debug|Any CPU.ActiveCfg = Debug|Any CPU
		{12BB13DB-3FCD-4C43-AAA0-5A2765EE600B}.Debug|Any CPU.Build.0 = Debug|Any CPU
		{12BB13DB-3FCD-4C43-AAA0-5A2765EE600B}.Debug|x64.ActiveCfg = Debug|Any CPU
		{12BB13DB-3FCD-4C43-AAA0-5A2765EE600B}.Debug|x64.Build.0 = Debug|Any CPU
		{12BB13DB-3FCD-4C43-AAA0-5A2765EE600B}.Debug|x86.ActiveCfg = Debug|Any CPU
		{12BB13DB-3FCD-4C43-AAA0-5A2765EE600B}.Debug|x86.Build.0 = Debug|Any CPU
		{12BB13DB-3FCD-4C43-AAA0-5A2765EE600B}.Release|Any CPU.ActiveCfg = Release|Any CPU
		{12BB13DB-3FCD-4C43-AAA0-5A2765EE600B}.Release|Any CPU.Build.0 = Release|Any CPU
		{12BB13DB-3FCD-4C43-AAA0-5A2765EE600B}.Release|x64.ActiveCfg = Release|Any CPU
		{12BB13DB-3FCD-4C43-AAA0-5A2765EE600B}.Release|x64.Build.0 = Release|Any CPU
		{12BB13DB-3FCD-4C43-AAA0-5A2765EE600B}.Release|x86.ActiveCfg = Release|Any CPU
		{12BB13DB-3FCD-4C43-AAA0-5A2765EE600B}.Release|x86.Build.0 = Release|Any CPU
		{B9DBF6D7-6B2F-4F72-A4D8-2FC0F2B01C50}.Debug|Any CPU.ActiveCfg = Debug|Any CPU
		{B9DBF6D7-6B2F-4F72-A4D8-2FC0F2B01C50}.Debug|Any CPU.Build.0 = Debug|Any CPU
		{B9DBF6D7-6B2F-4F72-A4D8-2FC0F2B01C50}.Debug|x64.ActiveCfg = Debug|Any CPU
		{B9DBF6D7-6B2F-4F72-A4D8-2FC0F2B01C50}.Debug|x64.Build.0 = Debug|Any CPU
		{B9DBF6D7-6B2F-4F72-A4D8-2FC0F2B01C50}.Debug|x86.ActiveCfg = Debug|Any CPU
		{B9DBF6D7-6B2F-4F72-A4D8-2FC0F2B01C50}.Debug|x86.Build.0 = Debug|Any CPU
		{B9DBF6D7-6B2F-4F72-A4D8-2FC0F2B01C50}.Release|Any CPU.ActiveCfg = Release|Any CPU
		{B9DBF6D7-6B2F-4F72-A4D8-2FC0F2B01C50}.Release|Any CPU.Build.0 = Release|Any CPU
		{B9DBF6D7-6B2F-4F72-A4D8-2FC0F2B01C50}.Release|x64.ActiveCfg = Release|Any CPU
		{B9DBF6D7-6B2F-4F72-A4D8-2FC0F2B01C50}.Release|x64.Build.0 = Release|Any CPU
		{B9DBF6D7-6B2F-4F72-A4D8-2FC0F2B01C50}.Release|x86.ActiveCfg = Release|Any CPU
		{B9DBF6D7-6B2F-4F72-A4D8-2FC0F2B01C50}.Release|x86.Build.0 = Release|Any CPU
		{6866A8BC-4D5A-480E-9E3F-939F7F5A57F5}.Debug|Any CPU.ActiveCfg = Debug|Any CPU
		{6866A8BC-4D5A-480E-9E3F-939F7F5A57F5}.Debug|Any CPU.Build.0 = Debug|Any CPU
		{6866A8BC-4D5A-480E-9E3F-939F7F5A57F5}.Debug|x64.ActiveCfg = Debug|Any CPU
		{6866A8BC-4D5A-480E-9E3F-939F7F5A57F5}.Debug|x64.Build.0 = Debug|Any CPU
		{6866A8BC-4D5A-480E-9E3F-939F7F5A57F5}.Debug|x86.ActiveCfg = Debug|Any CPU
		{6866A8BC-4D5A-480E-9E3F-939F7F5A57F5}.Debug|x86.Build.0 = Debug|Any CPU
		{6866A8BC-4D5A-480E-9E3F-939F7F5A57F5}.Release|Any CPU.ActiveCfg = Release|Any CPU
		{6866A8BC-4D5A-480E-9E3F-939F7F5A57F5}.Release|Any CPU.Build.0 = Release|Any CPU
		{6866A8BC-4D5A-480E-9E3F-939F7F5A57F5}.Release|x64.ActiveCfg = Release|Any CPU
		{6866A8BC-4D5A-480E-9E3F-939F7F5A57F5}.Release|x64.Build.0 = Release|Any CPU
		{6866A8BC-4D5A-480E-9E3F-939F7F5A57F5}.Release|x86.ActiveCfg = Release|Any CPU
		{6866A8BC-4D5A-480E-9E3F-939F7F5A57F5}.Release|x86.Build.0 = Release|Any CPU
		{D1469ADB-337F-44A0-9FFA-8FD126D67976}.Debug|Any CPU.ActiveCfg = Debug|Any CPU
		{D1469ADB-337F-44A0-9FFA-8FD126D67976}.Debug|Any CPU.Build.0 = Debug|Any CPU
		{D1469ADB-337F-44A0-9FFA-8FD126D67976}.Debug|x64.ActiveCfg = Debug|Any CPU
		{D1469ADB-337F-44A0-9FFA-8FD126D67976}.Debug|x64.Build.0 = Debug|Any CPU
		{D1469ADB-337F-44A0-9FFA-8FD126D67976}.Debug|x86.ActiveCfg = Debug|Any CPU
		{D1469ADB-337F-44A0-9FFA-8FD126D67976}.Debug|x86.Build.0 = Debug|Any CPU
		{D1469ADB-337F-44A0-9FFA-8FD126D67976}.Release|Any CPU.ActiveCfg = Release|Any CPU
		{D1469ADB-337F-44A0-9FFA-8FD126D67976}.Release|Any CPU.Build.0 = Release|Any CPU
		{D1469ADB-337F-44A0-9FFA-8FD126D67976}.Release|x64.ActiveCfg = Release|Any CPU
		{D1469ADB-337F-44A0-9FFA-8FD126D67976}.Release|x64.Build.0 = Release|Any CPU
		{D1469ADB-337F-44A0-9FFA-8FD126D67976}.Release|x86.ActiveCfg = Release|Any CPU
		{D1469ADB-337F-44A0-9FFA-8FD126D67976}.Release|x86.Build.0 = Release|Any CPU
		{6E3758E0-00D7-4DA2-9205-EB6D94A43A3E}.Debug|Any CPU.ActiveCfg = Debug|Any CPU
		{6E3758E0-00D7-4DA2-9205-EB6D94A43A3E}.Debug|Any CPU.Build.0 = Debug|Any CPU
		{6E3758E0-00D7-4DA2-9205-EB6D94A43A3E}.Debug|x64.ActiveCfg = Debug|Any CPU
		{6E3758E0-00D7-4DA2-9205-EB6D94A43A3E}.Debug|x64.Build.0 = Debug|Any CPU
		{6E3758E0-00D7-4DA2-9205-EB6D94A43A3E}.Debug|x86.ActiveCfg = Debug|Any CPU
		{6E3758E0-00D7-4DA2-9205-EB6D94A43A3E}.Debug|x86.Build.0 = Debug|Any CPU
		{6E3758E0-00D7-4DA2-9205-EB6D94A43A3E}.Release|Any CPU.ActiveCfg = Release|Any CPU
		{6E3758E0-00D7-4DA2-9205-EB6D94A43A3E}.Release|Any CPU.Build.0 = Release|Any CPU
		{6E3758E0-00D7-4DA2-9205-EB6D94A43A3E}.Release|x64.ActiveCfg = Release|Any CPU
		{6E3758E0-00D7-4DA2-9205-EB6D94A43A3E}.Release|x64.Build.0 = Release|Any CPU
		{6E3758E0-00D7-4DA2-9205-EB6D94A43A3E}.Release|x86.ActiveCfg = Release|Any CPU
		{6E3758E0-00D7-4DA2-9205-EB6D94A43A3E}.Release|x86.Build.0 = Release|Any CPU
		{10E1403D-D66A-4BF8-9D82-8451A06360FA}.Debug|Any CPU.ActiveCfg = Debug|Any CPU
		{10E1403D-D66A-4BF8-9D82-8451A06360FA}.Debug|Any CPU.Build.0 = Debug|Any CPU
		{10E1403D-D66A-4BF8-9D82-8451A06360FA}.Debug|x64.ActiveCfg = Debug|Any CPU
		{10E1403D-D66A-4BF8-9D82-8451A06360FA}.Debug|x64.Build.0 = Debug|Any CPU
		{10E1403D-D66A-4BF8-9D82-8451A06360FA}.Debug|x86.ActiveCfg = Debug|Any CPU
		{10E1403D-D66A-4BF8-9D82-8451A06360FA}.Debug|x86.Build.0 = Debug|Any CPU
		{10E1403D-D66A-4BF8-9D82-8451A06360FA}.Release|Any CPU.ActiveCfg = Release|Any CPU
		{10E1403D-D66A-4BF8-9D82-8451A06360FA}.Release|Any CPU.Build.0 = Release|Any CPU
		{10E1403D-D66A-4BF8-9D82-8451A06360FA}.Release|x64.ActiveCfg = Release|Any CPU
		{10E1403D-D66A-4BF8-9D82-8451A06360FA}.Release|x64.Build.0 = Release|Any CPU
		{10E1403D-D66A-4BF8-9D82-8451A06360FA}.Release|x86.ActiveCfg = Release|Any CPU
		{10E1403D-D66A-4BF8-9D82-8451A06360FA}.Release|x86.Build.0 = Release|Any CPU
		{A82B12C2-ECD8-460B-993F-AD894C9A43FF}.Debug|Any CPU.ActiveCfg = Debug|Any CPU
		{A82B12C2-ECD8-460B-993F-AD894C9A43FF}.Debug|Any CPU.Build.0 = Debug|Any CPU
		{A82B12C2-ECD8-460B-993F-AD894C9A43FF}.Debug|x64.ActiveCfg = Debug|Any CPU
		{A82B12C2-ECD8-460B-993F-AD894C9A43FF}.Debug|x64.Build.0 = Debug|Any CPU
		{A82B12C2-ECD8-460B-993F-AD894C9A43FF}.Debug|x86.ActiveCfg = Debug|Any CPU
		{A82B12C2-ECD8-460B-993F-AD894C9A43FF}.Debug|x86.Build.0 = Debug|Any CPU
		{A82B12C2-ECD8-460B-993F-AD894C9A43FF}.Release|Any CPU.ActiveCfg = Release|Any CPU
		{A82B12C2-ECD8-460B-993F-AD894C9A43FF}.Release|Any CPU.Build.0 = Release|Any CPU
		{A82B12C2-ECD8-460B-993F-AD894C9A43FF}.Release|x64.ActiveCfg = Release|Any CPU
		{A82B12C2-ECD8-460B-993F-AD894C9A43FF}.Release|x64.Build.0 = Release|Any CPU
		{A82B12C2-ECD8-460B-993F-AD894C9A43FF}.Release|x86.ActiveCfg = Release|Any CPU
		{A82B12C2-ECD8-460B-993F-AD894C9A43FF}.Release|x86.Build.0 = Release|Any CPU
		{EE31E344-17CE-4716-8304-9D2A8EF42FC2}.Debug|Any CPU.ActiveCfg = Debug|Any CPU
		{EE31E344-17CE-4716-8304-9D2A8EF42FC2}.Debug|Any CPU.Build.0 = Debug|Any CPU
		{EE31E344-17CE-4716-8304-9D2A8EF42FC2}.Debug|x64.ActiveCfg = Debug|Any CPU
		{EE31E344-17CE-4716-8304-9D2A8EF42FC2}.Debug|x64.Build.0 = Debug|Any CPU
		{EE31E344-17CE-4716-8304-9D2A8EF42FC2}.Debug|x86.ActiveCfg = Debug|Any CPU
		{EE31E344-17CE-4716-8304-9D2A8EF42FC2}.Debug|x86.Build.0 = Debug|Any CPU
		{EE31E344-17CE-4716-8304-9D2A8EF42FC2}.Release|Any CPU.ActiveCfg = Release|Any CPU
		{EE31E344-17CE-4716-8304-9D2A8EF42FC2}.Release|Any CPU.Build.0 = Release|Any CPU
		{EE31E344-17CE-4716-8304-9D2A8EF42FC2}.Release|x64.ActiveCfg = Release|Any CPU
		{EE31E344-17CE-4716-8304-9D2A8EF42FC2}.Release|x64.Build.0 = Release|Any CPU
		{EE31E344-17CE-4716-8304-9D2A8EF42FC2}.Release|x86.ActiveCfg = Release|Any CPU
		{EE31E344-17CE-4716-8304-9D2A8EF42FC2}.Release|x86.Build.0 = Release|Any CPU
		{1BCC82FA-CFCD-4242-A497-3185EB70A06C}.Debug|Any CPU.ActiveCfg = Debug|Any CPU
		{1BCC82FA-CFCD-4242-A497-3185EB70A06C}.Debug|Any CPU.Build.0 = Debug|Any CPU
		{1BCC82FA-CFCD-4242-A497-3185EB70A06C}.Debug|x64.ActiveCfg = Debug|Any CPU
		{1BCC82FA-CFCD-4242-A497-3185EB70A06C}.Debug|x64.Build.0 = Debug|Any CPU
		{1BCC82FA-CFCD-4242-A497-3185EB70A06C}.Debug|x86.ActiveCfg = Debug|Any CPU
		{1BCC82FA-CFCD-4242-A497-3185EB70A06C}.Debug|x86.Build.0 = Debug|Any CPU
		{1BCC82FA-CFCD-4242-A497-3185EB70A06C}.Release|Any CPU.ActiveCfg = Release|Any CPU
		{1BCC82FA-CFCD-4242-A497-3185EB70A06C}.Release|Any CPU.Build.0 = Release|Any CPU
		{1BCC82FA-CFCD-4242-A497-3185EB70A06C}.Release|x64.ActiveCfg = Release|Any CPU
		{1BCC82FA-CFCD-4242-A497-3185EB70A06C}.Release|x64.Build.0 = Release|Any CPU
		{1BCC82FA-CFCD-4242-A497-3185EB70A06C}.Release|x86.ActiveCfg = Release|Any CPU
		{1BCC82FA-CFCD-4242-A497-3185EB70A06C}.Release|x86.Build.0 = Release|Any CPU
		{8EA345FE-4B9F-42CF-82AD-9547CFA58FCD}.Debug|Any CPU.ActiveCfg = Debug|Any CPU
		{8EA345FE-4B9F-42CF-82AD-9547CFA58FCD}.Debug|Any CPU.Build.0 = Debug|Any CPU
		{8EA345FE-4B9F-42CF-82AD-9547CFA58FCD}.Debug|x64.ActiveCfg = Debug|Any CPU
		{8EA345FE-4B9F-42CF-82AD-9547CFA58FCD}.Debug|x64.Build.0 = Debug|Any CPU
		{8EA345FE-4B9F-42CF-82AD-9547CFA58FCD}.Debug|x86.ActiveCfg = Debug|Any CPU
		{8EA345FE-4B9F-42CF-82AD-9547CFA58FCD}.Debug|x86.Build.0 = Debug|Any CPU
		{8EA345FE-4B9F-42CF-82AD-9547CFA58FCD}.Release|Any CPU.ActiveCfg = Release|Any CPU
		{8EA345FE-4B9F-42CF-82AD-9547CFA58FCD}.Release|Any CPU.Build.0 = Release|Any CPU
		{8EA345FE-4B9F-42CF-82AD-9547CFA58FCD}.Release|x64.ActiveCfg = Release|Any CPU
		{8EA345FE-4B9F-42CF-82AD-9547CFA58FCD}.Release|x64.Build.0 = Release|Any CPU
		{8EA345FE-4B9F-42CF-82AD-9547CFA58FCD}.Release|x86.ActiveCfg = Release|Any CPU
		{8EA345FE-4B9F-42CF-82AD-9547CFA58FCD}.Release|x86.Build.0 = Release|Any CPU
		{98E918E1-BB8F-4EEC-B94E-70627E64CA85}.Debug|Any CPU.ActiveCfg = Debug|Any CPU
		{98E918E1-BB8F-4EEC-B94E-70627E64CA85}.Debug|Any CPU.Build.0 = Debug|Any CPU
		{98E918E1-BB8F-4EEC-B94E-70627E64CA85}.Debug|x64.ActiveCfg = Debug|Any CPU
		{98E918E1-BB8F-4EEC-B94E-70627E64CA85}.Debug|x64.Build.0 = Debug|Any CPU
		{98E918E1-BB8F-4EEC-B94E-70627E64CA85}.Debug|x86.ActiveCfg = Debug|Any CPU
		{98E918E1-BB8F-4EEC-B94E-70627E64CA85}.Debug|x86.Build.0 = Debug|Any CPU
		{98E918E1-BB8F-4EEC-B94E-70627E64CA85}.Release|Any CPU.ActiveCfg = Release|Any CPU
		{98E918E1-BB8F-4EEC-B94E-70627E64CA85}.Release|Any CPU.Build.0 = Release|Any CPU
		{98E918E1-BB8F-4EEC-B94E-70627E64CA85}.Release|x64.ActiveCfg = Release|Any CPU
		{98E918E1-BB8F-4EEC-B94E-70627E64CA85}.Release|x64.Build.0 = Release|Any CPU
		{98E918E1-BB8F-4EEC-B94E-70627E64CA85}.Release|x86.ActiveCfg = Release|Any CPU
		{98E918E1-BB8F-4EEC-B94E-70627E64CA85}.Release|x86.Build.0 = Release|Any CPU
	EndGlobalSection
	GlobalSection(SolutionProperties) = preSolution
		HideSolutionNode = FALSE
	EndGlobalSection
	GlobalSection(NestedProjects) = preSolution
		{C75F9019-276B-4306-9D77-CDA31D164096} = {827E0CD3-B72D-47B6-A68D-7590B98EB39B}
		{1A287D00-A229-4F0F-B42B-842E08824ED8} = {827E0CD3-B72D-47B6-A68D-7590B98EB39B}
		{98F1193E-6FE2-4C8A-AB0F-56FD54A2D385} = {827E0CD3-B72D-47B6-A68D-7590B98EB39B}
		{A0A2802D-724A-4498-B984-43D6EA08759C} = {827E0CD3-B72D-47B6-A68D-7590B98EB39B}
		{9CD0F4E9-4328-4B89-BCF9-F72D541A0242} = {827E0CD3-B72D-47B6-A68D-7590B98EB39B}
		{A2075ADE-ECA4-486F-82E2-B56DD11648AF} = {827E0CD3-B72D-47B6-A68D-7590B98EB39B}
		{5243D8DD-A1EB-4E2F-845B-439179E15BA4} = {827E0CD3-B72D-47B6-A68D-7590B98EB39B}
		{342F0B6C-6236-4D1B-AD4E-79DB83DEEE05} = {827E0CD3-B72D-47B6-A68D-7590B98EB39B}
		{0AD8B982-456F-4ED7-89A1-AA6F31D52E96} = {827E0CD3-B72D-47B6-A68D-7590B98EB39B}
		{12BB13DB-3FCD-4C43-AAA0-5A2765EE600B} = {827E0CD3-B72D-47B6-A68D-7590B98EB39B}
		{B9DBF6D7-6B2F-4F72-A4D8-2FC0F2B01C50} = {827E0CD3-B72D-47B6-A68D-7590B98EB39B}
		{6866A8BC-4D5A-480E-9E3F-939F7F5A57F5} = {827E0CD3-B72D-47B6-A68D-7590B98EB39B}
		{D1469ADB-337F-44A0-9FFA-8FD126D67976} = {827E0CD3-B72D-47B6-A68D-7590B98EB39B}
		{6E3758E0-00D7-4DA2-9205-EB6D94A43A3E} = {5D20AA90-6969-D8BD-9DCD-8634F4692FDA}
		{10E1403D-D66A-4BF8-9D82-8451A06360FA} = {827E0CD3-B72D-47B6-A68D-7590B98EB39B}
		{A82B12C2-ECD8-460B-993F-AD894C9A43FF} = {827E0CD3-B72D-47B6-A68D-7590B98EB39B}
		{EE31E344-17CE-4716-8304-9D2A8EF42FC2} = {827E0CD3-B72D-47B6-A68D-7590B98EB39B}
		{1BCC82FA-CFCD-4242-A497-3185EB70A06C} = {827E0CD3-B72D-47B6-A68D-7590B98EB39B}
		{8EA345FE-4B9F-42CF-82AD-9547CFA58FCD} = {827E0CD3-B72D-47B6-A68D-7590B98EB39B}
		{98E918E1-BB8F-4EEC-B94E-70627E64CA85} = {827E0CD3-B72D-47B6-A68D-7590B98EB39B}
	EndGlobalSection
EndGlobal
